
Microsoft Visual Studio Solution File, Format Version 12.00
# Visual Studio Version 17
VisualStudioVersion = 17.5.33502.453
MinimumVisualStudioVersion = 10.0.40219.1
Project("{FAE04EC0-301F-11D3-BF4B-00C04F79EFBC}") = "MLSSRandomizerForm", "MLSSRandomizerForm.csproj", "{B494B910-61D3-4655-84E6-719850901CDD}"
EndProject
Project("{2150E333-8FDC-42A3-9474-1A3956D46DE8}") = "Solution Items", "Solution Items", "{FB616A70-4552-48BE-9D37-29FDE928A2E1}"
	ProjectSection(SolutionItems) = preProject
		asm\Arrays.asm = asm\Arrays.asm
		asm\Badges.asm = asm\Badges.asm
		Class1.cs = Class1.cs
		asm\Heart.asm = asm\Heart.asm
		asm\Hint.asm = asm\Hint.asm
		asm\Logic.asm = asm\Logic.asm
		asm\Pipes.asm = asm\Pipes.asm
		asm\Sprites.asm = asm\Sprites.asm
		asm\Variables.asm = asm\Variables.asm
	EndProjectSection
EndProject
Global
	GlobalSection(SolutionConfigurationPlatforms) = preSolution
		Debug|Any CPU = Debug|Any CPU
		Release|Any CPU = Release|Any CPU
	EndGlobalSection
	GlobalSection(ProjectConfigurationPlatforms) = postSolution
		{B494B910-61D3-4655-84E6-719850901CDD}.Debug|Any CPU.ActiveCfg = Debug|Any CPU
		{B494B910-61D3-4655-84E6-719850901CDD}.Debug|Any CPU.Build.0 = Debug|Any CPU
		{B494B910-61D3-4655-84E6-719850901CDD}.Release|Any CPU.ActiveCfg = Release|Any CPU
		{B494B910-61D3-4655-84E6-719850901CDD}.Release|Any CPU.Build.0 = Release|Any CPU
	EndGlobalSection
	GlobalSection(SolutionProperties) = preSolution
		HideSolutionNode = FALSE
	EndGlobalSection
	GlobalSection(ExtensibilityGlobals) = postSolution
		SolutionGuid = {2FB42D72-A5BB-4A78-990C-041E4DC8172A}
	EndGlobalSection
EndGlobal
